
Microsoft Visual Studio Solution File, Format Version 12.00
# Visual Studio Version 17
VisualStudioVersion = 17.0.31903.59
MinimumVisualStudioVersion = 10.0.40219.1
Project("{2150E333-8FDC-42A3-9474-1A3956D46DE8}") = "src", "src", "{827E0CD3-B72D-47B6-A68D-7590B98EB39B}"
EndProject
Project("{FAE04EC0-301F-11D3-BF4B-00C04F79EFBC}") = "WorkBookmark.Core", "src\WorkBookmark.Core\WorkBookmark.Core.csproj", "{CD59D95C-E0A4-41E2-A07E-21A8C7C52BA3}"
EndProject
Project("{FAE04EC0-301F-11D3-BF4B-00C04F79EFBC}") = "WorkBookmark.Windows", "src\WorkBookmark.Windows\WorkBookmark.Windows.csproj", "{D5FC0270-04E5-4BB9-829D-38902A130401}"
EndProject
Project("{FAE04EC0-301F-11D3-BF4B-00C04F79EFBC}") = "WorkBookmark.App", "src\WorkBookmark.App\WorkBookmark.App.csproj", "{D6CB28C9-2448-447D-A6FE-837A85CBEEBA}"
EndProject
Project("{FAE04EC0-301F-11D3-BF4B-00C04F79EFBC}") = "WorkBookmark.Storage", "src\WorkBookmark.Storage\WorkBookmark.Storage.csproj", "{C2DB7773-28DE-476A-8046-AD2E091873FB}"
EndProject
Project("{2150E333-8FDC-42A3-9474-1A3956D46DE8}") = "tools", "tools", "{07C2787E-EAC7-C090-1BA3-A61EC2A24D84}"
EndProject
Project("{FAE04EC0-301F-11D3-BF4B-00C04F79EFBC}") = "Probes", "tools\Probes\Probes.csproj", "{8CFF745C-B844-44D2-9BBB-267E98540870}"
EndProject
Project("{2150E333-8FDC-42A3-9474-1A3956D46DE8}") = "tests", "tests", "{0AB3BF05-4346-4AA6-1389-037BE0695223}"
EndProject
Project("{FAE04EC0-301F-11D3-BF4B-00C04F79EFBC}") = "WorkBookmark.Integration.Tests", "tests\WorkBookmark.Integration.Tests\WorkBookmark.Integration.Tests.csproj", "{85380FAC-D33C-44E7-B146-D41FE186523C}"
EndProject
Project("{FAE04EC0-301F-11D3-BF4B-00C04F79EFBC}") = "WorkBookmark.Core.Tests", "tests\WorkBookmark.Core.Tests\WorkBookmark.Core.Tests.csproj", "{9DBBA61D-D2A5-4C09-BA8E-FCB15EA86AD5}"
EndProject
Project("{FAE04EC0-301F-11D3-BF4B-00C04F79EFBC}") = "WindowsChecks", "tools\WindowsChecks\WindowsChecks.csproj", "{864E1346-36EF-4347-95CA-4548740C1CCA}"
EndProject
Project("{FAE04EC0-301F-11D3-BF4B-00C04F79EFBC}") = "WorkBookmark.Desktop.Tests", "tests\WorkBookmark.Desktop.Tests\WorkBookmark.Desktop.Tests.csproj", "{82B074EE-9D8E-4475-AD79-20E4C37E72A7}"
EndProject
Global
	GlobalSection(SolutionConfigurationPlatforms) = preSolution
		Debug|Any CPU = Debug|Any CPU
		Debug|x64 = Debug|x64
		Debug|x86 = Debug|x86
		Release|Any CPU = Release|Any CPU
		Release|x64 = Release|x64
		Release|x86 = Release|x86
	EndGlobalSection
	GlobalSection(ProjectConfigurationPlatforms) = postSolution
		{CD59D95C-E0A4-41E2-A07E-21A8C7C52BA3}.Debug|Any CPU.ActiveCfg = Debug|Any CPU
		{CD59D95C-E0A4-41E2-A07E-21A8C7C52BA3}.Debug|Any CPU.Build.0 = Debug|Any CPU
		{CD59D95C-E0A4-41E2-A07E-21A8C7C52BA3}.Debug|x64.ActiveCfg = Debug|Any CPU
		{CD59D95C-E0A4-41E2-A07E-21A8C7C52BA3}.Debug|x64.Build.0 = Debug|Any CPU
		{CD59D95C-E0A4-41E2-A07E-21A8C7C52BA3}.Debug|x86.ActiveCfg = Debug|Any CPU
		{CD59D95C-E0A4-41E2-A07E-21A8C7C52BA3}.Debug|x86.Build.0 = Debug|Any CPU
		{CD59D95C-E0A4-41E2-A07E-21A8C7C52BA3}.Release|Any CPU.ActiveCfg = Release|Any CPU
		{CD59D95C-E0A4-41E2-A07E-21A8C7C52BA3}.Release|Any CPU.Build.0 = Release|Any CPU
		{CD59D95C-E0A4-41E2-A07E-21A8C7C52BA3}.Release|x64.ActiveCfg = Release|Any CPU
		{CD59D95C-E0A4-41E2-A07E-21A8C7C52BA3}.Release|x64.Build.0 = Release|Any CPU
		{CD59D95C-E0A4-41E2-A07E-21A8C7C52BA3}.Release|x86.ActiveCfg = Release|Any CPU
		{CD59D95C-E0A4-41E2-A07E-21A8C7C52BA3}.Release|x86.Build.0 = Release|Any CPU
		{D5FC0270-04E5-4BB9-829D-38902A130401}.Debug|Any CPU.ActiveCfg = Debug|Any CPU
		{D5FC0270-04E5-4BB9-829D-38902A130401}.Debug|Any CPU.Build.0 = Debug|Any CPU
		{D5FC0270-04E5-4BB9-829D-38902A130401}.Debug|x64.ActiveCfg = Debug|Any CPU
		{D5FC0270-04E5-4BB9-829D-38902A130401}.Debug|x64.Build.0 = Debug|Any CPU
		{D5FC0270-04E5-4BB9-829D-38902A130401}.Debug|x86.ActiveCfg = Debug|Any CPU
		{D5FC0270-04E5-4BB9-829D-38902A130401}.Debug|x86.Build.0 = Debug|Any CPU
		{D5FC0270-04E5-4BB9-829D-38902A130401}.Release|Any CPU.ActiveCfg = Release|Any CPU
		{D5FC0270-04E5-4BB9-829D-38902A130401}.Release|Any CPU.Build.0 = Release|Any CPU
		{D5FC0270-04E5-4BB9-829D-38902A130401}.Release|x64.ActiveCfg = Release|Any CPU
		{D5FC0270-04E5-4BB9-829D-38902A130401}.Release|x64.Build.0 = Release|Any CPU
		{D5FC0270-04E5-4BB9-829D-38902A130401}.Release|x86.ActiveCfg = Release|Any CPU
		{D5FC0270-04E5-4BB9-829D-38902A130401}.Release|x86.Build.0 = Release|Any CPU
		{D6CB28C9-2448-447D-A6FE-837A85CBEEBA}.Debug|Any CPU.ActiveCfg = Debug|Any CPU
		{D6CB28C9-2448-447D-A6FE-837A85CBEEBA}.Debug|Any CPU.Build.0 = Debug|Any CPU
		{D6CB28C9-2448-447D-A6FE-837A85CBEEBA}.Debug|x64.ActiveCfg = Debug|Any CPU
		{D6CB28C9-2448-447D-A6FE-837A85CBEEBA}.Debug|x64.Build.0 = Debug|Any CPU
		{D6CB28C9-2448-447D-A6FE-837A85CBEEBA}.Debug|x86.ActiveCfg = Debug|Any CPU
		{D6CB28C9-2448-447D-A6FE-837A85CBEEBA}.Debug|x86.Build.0 = Debug|Any CPU
		{D6CB28C9-2448-447D-A6FE-837A85CBEEBA}.Release|Any CPU.ActiveCfg = Release|Any CPU
		{D6CB28C9-2448-447D-A6FE-837A85CBEEBA}.Release|Any CPU.Build.0 = Release|Any CPU
		{D6CB28C9-2448-447D-A6FE-837A85CBEEBA}.Release|x64.ActiveCfg = Release|Any CPU
		{D6CB28C9-2448-447D-A6FE-837A85CBEEBA}.Release|x64.Build.0 = Release|Any CPU
		{D6CB28C9-2448-447D-A6FE-837A85CBEEBA}.Release|x86.ActiveCfg = Release|Any CPU
		{D6CB28C9-2448-447D-A6FE-837A85CBEEBA}.Release|x86.Build.0 = Release|Any CPU
		{C2DB7773-28DE-476A-8046-AD2E091873FB}.Debug|Any CPU.ActiveCfg = Debug|Any CPU
		{C2DB7773-28DE-476A-8046-AD2E091873FB}.Debug|Any CPU.Build.0 = Debug|Any CPU
		{C2DB7773-28DE-476A-8046-AD2E091873FB}.Debug|x64.ActiveCfg = Debug|Any CPU
		{C2DB7773-28DE-476A-8046-AD2E091873FB}.Debug|x64.Build.0 = Debug|Any CPU
		{C2DB7773-28DE-476A-8046-AD2E091873FB}.Debug|x86.ActiveCfg = Debug|Any CPU
		{C2DB7773-28DE-476A-8046-AD2E091873FB}.Debug|x86.Build.0 = Debug|Any CPU
		{C2DB7773-28DE-476A-8046-AD2E091873FB}.Release|Any CPU.ActiveCfg = Release|Any CPU
		{C2DB7773-28DE-476A-8046-AD2E091873FB}.Release|Any CPU.Build.0 = Release|Any CPU
		{C2DB7773-28DE-476A-8046-AD2E091873FB}.Release|x64.ActiveCfg = Release|Any CPU
		{C2DB7773-28DE-476A-8046-AD2E091873FB}.Release|x64.Build.0 = Release|Any CPU
		{C2DB7773-28DE-476A-8046-AD2E091873FB}.Release|x86.ActiveCfg = Release|Any CPU
		{C2DB7773-28DE-476A-8046-AD2E091873FB}.Release|x86.Build.0 = Release|Any CPU
		{8CFF745C-B844-44D2-9BBB-267E98540870}.Debug|Any CPU.ActiveCfg = Debug|Any CPU
		{8CFF745C-B844-44D2-9BBB-267E98540870}.Debug|Any CPU.Build.0 = Debug|Any CPU
		{8CFF745C-B844-44D2-9BBB-267E98540870}.Debug|x64.ActiveCfg = Debug|Any CPU
		{8CFF745C-B844-44D2-9BBB-267E98540870}.Debug|x64.Build.0 = Debug|Any CPU
		{8CFF745C-B844-44D2-9BBB-267E98540870}.Debug|x86.ActiveCfg = Debug|Any CPU
		{8CFF745C-B844-44D2-9BBB-267E98540870}.Debug|x86.Build.0 = Debug|Any CPU
		{8CFF745C-B844-44D2-9BBB-267E98540870}.Release|Any CPU.ActiveCfg = Release|Any CPU
		{8CFF745C-B844-44D2-9BBB-267E98540870}.Release|Any CPU.Build.0 = Release|Any CPU
		{8CFF745C-B844-44D2-9BBB-267E98540870}.Release|x64.ActiveCfg = Release|Any CPU
		{8CFF745C-B844-44D2-9BBB-267E98540870}.Release|x64.Build.0 = Release|Any CPU
		{8CFF745C-B844-44D2-9BBB-267E98540870}.Release|x86.ActiveCfg = Release|Any CPU
		{8CFF745C-B844-44D2-9BBB-267E98540870}.Release|x86.Build.0 = Release|Any CPU
		{85380FAC-D33C-44E7-B146-D41FE186523C}.Debug|Any CPU.ActiveCfg = Debug|Any CPU
		{85380FAC-D33C-44E7-B146-D41FE186523C}.Debug|Any CPU.Build.0 = Debug|Any CPU
		{85380FAC-D33C-44E7-B146-D41FE186523C}.Debug|x64.ActiveCfg = Debug|Any CPU
		{85380FAC-D33C-44E7-B146-D41FE186523C}.Debug|x64.Build.0 = Debug|Any CPU
		{85380FAC-D33C-44E7-B146-D41FE186523C}.Debug|x86.ActiveCfg = Debug|Any CPU
		{85380FAC-D33C-44E7-B146-D41FE186523C}.Debug|x86.Build.0 = Debug|Any CPU
		{85380FAC-D33C-44E7-B146-D41FE186523C}.Release|Any CPU.ActiveCfg = Release|Any CPU
		{85380FAC-D33C-44E7-B146-D41FE186523C}.Release|Any CPU.Build.0 = Release|Any CPU
		{85380FAC-D33C-44E7-B146-D41FE186523C}.Release|x64.ActiveCfg = Release|Any CPU
		{85380FAC-D33C-44E7-B146-D41FE186523C}.Release|x64.Build.0 = Release|Any CPU
		{85380FAC-D33C-44E7-B146-D41FE186523C}.Release|x86.ActiveCfg = Release|Any CPU
		{85380FAC-D33C-44E7-B146-D41FE186523C}.Release|x86.Build.0 = Release|Any CPU
		{9DBBA61D-D2A5-4C09-BA8E-FCB15EA86AD5}.Debug|Any CPU.ActiveCfg = Debug|Any CPU
		{9DBBA61D-D2A5-4C09-BA8E-FCB15EA86AD5}.Debug|Any CPU.Build.0 = Debug|Any CPU
		{9DBBA61D-D2A5-4C09-BA8E-FCB15EA86AD5}.Debug|x64.ActiveCfg = Debug|Any CPU
		{9DBBA61D-D2A5-4C09-BA8E-FCB15EA86AD5}.Debug|x64.Build.0 = Debug|Any CPU
		{9DBBA61D-D2A5-4C09-BA8E-FCB15EA86AD5}.Debug|x86.ActiveCfg = Debug|Any CPU
		{9DBBA61D-D2A5-4C09-BA8E-FCB15EA86AD5}.Debug|x86.Build.0 = Debug|Any CPU
		{9DBBA61D-D2A5-4C09-BA8E-FCB15EA86AD5}.Release|Any CPU.ActiveCfg = Release|Any CPU
		{9DBBA61D-D2A5-4C09-BA8E-FCB15EA86AD5}.Release|Any CPU.Build.0 = Release|Any CPU
		{9DBBA61D-D2A5-4C09-BA8E-FCB15EA86AD5}.Release|x64.ActiveCfg = Release|Any CPU
		{9DBBA61D-D2A5-4C09-BA8E-FCB15EA86AD5}.Release|x64.Build.0 = Release|Any CPU
		{9DBBA61D-D2A5-4C09-BA8E-FCB15EA86AD5}.Release|x86.ActiveCfg = Release|Any CPU
		{9DBBA61D-D2A5-4C09-BA8E-FCB15EA86AD5}.Release|x86.Build.0 = Release|Any CPU
		{864E1346-36EF-4347-95CA-4548740C1CCA}.Debug|Any CPU.ActiveCfg = Debug|Any CPU
		{864E1346-36EF-4347-95CA-4548740C1CCA}.Debug|Any CPU.Build.0 = Debug|Any CPU
		{864E1346-36EF-4347-95CA-4548740C1CCA}.Debug|x64.ActiveCfg = Debug|Any CPU
		{864E1346-36EF-4347-95CA-4548740C1CCA}.Debug|x64.Build.0 = Debug|Any CPU
		{864E1346-36EF-4347-95CA-4548740C1CCA}.Debug|x86.ActiveCfg = Debug|Any CPU
		{864E1346-36EF-4347-95CA-4548740C1CCA}.Debug|x86.Build.0 = Debug|Any CPU
		{864E1346-36EF-4347-95CA-4548740C1CCA}.Release|Any CPU.ActiveCfg = Release|Any CPU
		{864E1346-36EF-4347-95CA-4548740C1CCA}.Release|Any CPU.Build.0 = Release|Any CPU
		{864E1346-36EF-4347-95CA-4548740C1CCA}.Release|x64.ActiveCfg = Release|Any CPU
		{864E1346-36EF-4347-95CA-4548740C1CCA}.Release|x64.Build.0 = Release|Any CPU
		{864E1346-36EF-4347-95CA-4548740C1CCA}.Release|x86.ActiveCfg = Release|Any CPU
		{864E1346-36EF-4347-95CA-4548740C1CCA}.Release|x86.Build.0 = Release|Any CPU
		{82B074EE-9D8E-4475-AD79-20E4C37E72A7}.Debug|Any CPU.ActiveCfg = Debug|Any CPU
		{82B074EE-9D8E-4475-AD79-20E4C37E72A7}.Debug|Any CPU.Build.0 = Debug|Any CPU
		{82B074EE-9D8E-4475-AD79-20E4C37E72A7}.Debug|x64.ActiveCfg = Debug|Any CPU
		{82B074EE-9D8E-4475-AD79-20E4C37E72A7}.Debug|x64.Build.0 = Debug|Any CPU
		{82B074EE-9D8E-4475-AD79-20E4C37E72A7}.Debug|x86.ActiveCfg = Debug|Any CPU
		{82B074EE-9D8E-4475-AD79-20E4C37E72A7}.Debug|x86.Build.0 = Debug|Any CPU
		{82B074EE-9D8E-4475-AD79-20E4C37E72A7}.Release|Any CPU.ActiveCfg = Release|Any CPU
		{82B074EE-9D8E-4475-AD79-20E4C37E72A7}.Release|Any CPU.Build.0 = Release|Any CPU
		{82B074EE-9D8E-4475-AD79-20E4C37E72A7}.Release|x64.ActiveCfg = Release|Any CPU
		{82B074EE-9D8E-4475-AD79-20E4C37E72A7}.Release|x64.Build.0 = Release|Any CPU
		{82B074EE-9D8E-4475-AD79-20E4C37E72A7}.Release|x86.ActiveCfg = Release|Any CPU
		{82B074EE-9D8E-4475-AD79-20E4C37E72A7}.Release|x86.Build.0 = Release|Any CPU
	EndGlobalSection
	GlobalSection(SolutionProperties) = preSolution
		HideSolutionNode = FALSE
	EndGlobalSection
	GlobalSection(NestedProjects) = preSolution
		{CD59D95C-E0A4-41E2-A07E-21A8C7C52BA3} = {827E0CD3-B72D-47B6-A68D-7590B98EB39B}
		{D5FC0270-04E5-4BB9-829D-38902A130401} = {827E0CD3-B72D-47B6-A68D-7590B98EB39B}
		{D6CB28C9-2448-447D-A6FE-837A85CBEEBA} = {827E0CD3-B72D-47B6-A68D-7590B98EB39B}
		{C2DB7773-28DE-476A-8046-AD2E091873FB} = {827E0CD3-B72D-47B6-A68D-7590B98EB39B}
		{8CFF745C-B844-44D2-9BBB-267E98540870} = {07C2787E-EAC7-C090-1BA3-A61EC2A24D84}
		{85380FAC-D33C-44E7-B146-D41FE186523C} = {0AB3BF05-4346-4AA6-1389-037BE0695223}
		{9DBBA61D-D2A5-4C09-BA8E-FCB15EA86AD5} = {0AB3BF05-4346-4AA6-1389-037BE0695223}
		{864E1346-36EF-4347-95CA-4548740C1CCA} = {07C2787E-EAC7-C090-1BA3-A61EC2A24D84}
		{82B074EE-9D8E-4475-AD79-20E4C37E72A7} = {0AB3BF05-4346-4AA6-1389-037BE0695223}
	EndGlobalSection
EndGlobal
